
Microsoft Visual Studio Solution File, Format Version 12.00
# Visual Studio Version 17
VisualStudioVersion = 17.11.35312.102
MinimumVisualStudioVersion = 10.0.40219.1
Project("{2150E333-8FDC-42A3-9474-1A3956D46DE8}") = "Task0", "Task0", "{51EDBF6A-57D2-4A93-894C-18F30B3ECDCC}"
EndProject
Project("{9A19103F-16F7-4668-BE54-9A1E7A4F7556}") = "Tyuiu.MedyanichevDI.Sprint2.Task0.V12", "Tyuiu.MedyanichevDI.Sprint2.Task0.V12\Tyuiu.MedyanichevDI.Sprint2.Task0.V12.csproj", "{58C7BC26-DA1A-4CC3-B5F9-B07D61A9DF26}"
EndProject
Project("{9A19103F-16F7-4668-BE54-9A1E7A4F7556}") = "Tyuiu.MedyanichevDI.Sprint2.Task0.V12.Lib", "Tyuiu.MedyanichevDI.Sprint2.Task0.V12.Lib\Tyuiu.MedyanichevDI.Sprint2.Task0.V12.Lib.csproj", "{9682FFD5-6469-4995-8070-A1742D2F35E0}"
EndProject
Project("{9A19103F-16F7-4668-BE54-9A1E7A4F7556}") = "Tyuiu.MedyanichevDI.Sprint2.Task0.V12.Test", "Tyuiu.MedyanichevDI.Sprint2.Task0.V12.Test\Tyuiu.MedyanichevDI.Sprint2.Task0.V12.Test.csproj", "{B02ECA28-FA1D-48DB-866B-4A5F8B0F601B}"
EndProject
Project("{2150E333-8FDC-42A3-9474-1A3956D46DE8}") = "Task1", "Task1", "{D7D8E783-C7FB-40AB-9ABC-95F6A25AE14C}"
EndProject
Project("{9A19103F-16F7-4668-BE54-9A1E7A4F7556}") = "Tyuiu.MedyanichevDI.Sprint2.Task1.V26", "Tyuiu.MedyanichevDI.Sprint2.Task1.V26\Tyuiu.MedyanichevDI.Sprint2.Task1.V26.csproj", "{87DAF5BC-526C-4501-9C61-CE89B6356766}"
EndProject
Project("{9A19103F-16F7-4668-BE54-9A1E7A4F7556}") = "Tyuiu.MedyanichevDI.Sprint2.Task1.V26.Lib", "Tyuiu.MedyanichevDI.Sprint2.Task1.V26.Lib\Tyuiu.MedyanichevDI.Sprint2.Task1.V26.Lib.csproj", "{06BEBC89-5DCE-4C1B-8CA3-4A0675914360}"
EndProject
Project("{9A19103F-16F7-4668-BE54-9A1E7A4F7556}") = "Tyuiu.MedyanichevDI.Sprint2.Task1.V26.Test", "Tyuiu.MedyanichevDI.Sprint2.Task1.V26.Test\Tyuiu.MedyanichevDI.Sprint2.Task1.V26.Test.csproj", "{98A8440D-62E9-499A-AD12-ADB8AE44C6E1}"
EndProject
Project("{2150E333-8FDC-42A3-9474-1A3956D46DE8}") = "Task2", "Task2", "{D880D510-7A03-4A0E-947A-4AEE489186AF}"
EndProject
Project("{9A19103F-16F7-4668-BE54-9A1E7A4F7556}") = "Tyuiu.MedyanichevDI.Sprint2.Task2.V23", "Tyuiu.MedyanichevDI.Sprint2.Task2.V23\Tyuiu.MedyanichevDI.Sprint2.Task2.V23.csproj", "{FC9F5FC1-B286-4A59-BC37-AAA2E2E6B735}"
EndProject
Project("{9A19103F-16F7-4668-BE54-9A1E7A4F7556}") = "Tyuiu.MedyanichevDI.Sprint2.Task2.V23.Lib", "Tyuiu.MedyanichevDI.Sprint2.Task2.V23.Lib\Tyuiu.MedyanichevDI.Sprint2.Task2.V23.Lib.csproj", "{916ACC32-3443-4CB9-9302-9AFFA1D6C913}"
EndProject
Project("{9A19103F-16F7-4668-BE54-9A1E7A4F7556}") = "Tyuiu.MedyanichevDI.Sprint2.Task2.V23.Test", "Tyuiu.MedyanichevDI.Sprint2.Task2.V23.Test\Tyuiu.MedyanichevDI.Sprint2.Task2.V23.Test.csproj", "{36DABFC5-F942-415B-91B0-E24D33F9BB50}"
EndProject
Project("{2150E333-8FDC-42A3-9474-1A3956D46DE8}") = "Task3", "Task3", "{15581C4F-EEFF-47AD-BAD3-B51A9BD0C825}"
EndProject
Project("{9A19103F-16F7-4668-BE54-9A1E7A4F7556}") = "Tyuiu.MedyanichevDI.Sprint2.Task3.V6", "Tyuiu.MedyanichevDI.Sprint2.Task3.V6\Tyuiu.MedyanichevDI.Sprint2.Task3.V6.csproj", "{9AE27C8B-2991-4FD5-BD63-9D5468A7654D}"
EndProject
Project("{9A19103F-16F7-4668-BE54-9A1E7A4F7556}") = "Tyuiu.MedyanichevDI.Sprint2.Task3.V6.Lib", "Tyuiu.MedyanichevDI.Sprint2.Task3.V6.Lib\Tyuiu.MedyanichevDI.Sprint2.Task3.V6.Lib.csproj", "{1CEAEFFD-FBDE-4697-935E-C49B5D156D01}"
EndProject
Project("{9A19103F-16F7-4668-BE54-9A1E7A4F7556}") = "Tyuiu.MedyanichevDI.Sprint2.Task3.V6.Test", "Tyuiu.MedyanichevDI.Sprint2.Task3.V6.Test\Tyuiu.MedyanichevDI.Sprint2.Task3.V6.Test.csproj", "{4BA5CB64-155B-4C1A-9AB5-F91E9DB55A9C}"
EndProject
Project("{2150E333-8FDC-42A3-9474-1A3956D46DE8}") = "Task4", "Task4", "{7F133B18-AC3F-4AD1-86B7-81A2A21F173E}"
EndProject
Project("{9A19103F-16F7-4668-BE54-9A1E7A4F7556}") = "Tyuiu.MedyanichevDI.Sprint2.Task4.V4", "Tyuiu.MedyanichevDI.Sprint2.Task4.V4\Tyuiu.MedyanichevDI.Sprint2.Task4.V4.csproj", "{D7F51891-E7B9-42B0-AE27-4125E095D15D}"
EndProject
Project("{9A19103F-16F7-4668-BE54-9A1E7A4F7556}") = "Tyuiu.MedyanichevDI.Sprint2.Task4.V4.Lib", "Tyuiu.MedyanichevDI.Sprint2.Task4.V4.Lib\Tyuiu.MedyanichevDI.Sprint2.Task4.V4.Lib.csproj", "{A6775111-1471-4421-8A71-2F4DEF83AB20}"
EndProject
Project("{9A19103F-16F7-4668-BE54-9A1E7A4F7556}") = "Tyuiu.MedyanichevDI.Sprint2.Task4.V4.Test", "Tyuiu.MedyanichevDI.Sprint2.Task4.V4.Test\Tyuiu.MedyanichevDI.Sprint2.Task4.V4.Test.csproj", "{EC259652-F231-4A06-9A8A-C7F24C97B49E}"
EndProject
Project("{2150E333-8FDC-42A3-9474-1A3956D46DE8}") = "Task5", "Task5", "{87228557-BDFB-452B-BB7E-BF474D24CF84}"
EndProject
Project("{FAE04EC0-301F-11D3-BF4B-00C04F79EFBC}") = "Tyuiu.MedyanichevDI.Sprint2.Task5.V15", "Tyuiu.MedyanichevDI.Sprint2.Task5.V15\Tyuiu.MedyanichevDI.Sprint2.Task5.V15.csproj", "{278E907E-5FAF-4202-81AF-70D4B2C3AEDD}"
EndProject
Project("{FAE04EC0-301F-11D3-BF4B-00C04F79EFBC}") = "Tyuiu.MedyanichevDI.Sprint2.Task5.V15.Lib", "Tyuiu.MedyanichevDI.Sprint2.Task5.V15.Lib\Tyuiu.MedyanichevDI.Sprint2.Task5.V15.Lib.csproj", "{B0FE658B-F0A9-4E10-A9BC-353E60274F46}"
EndProject
Project("{FAE04EC0-301F-11D3-BF4B-00C04F79EFBC}") = "Tyuiu.MedyanichevDI.Sprint2.Task5.V15.Test", "Tyuiu.MedyanichevDI.Sprint2.Task5.V15.Test\Tyuiu.MedyanichevDI.Sprint2.Task5.V15.Test.csproj", "{DE3957B2-948C-4FD9-AF95-06124A37BAC6}"
EndProject
Project("{2150E333-8FDC-42A3-9474-1A3956D46DE8}") = "Task6", "Task6", "{59A6601F-C967-4B0A-9398-92A7EDB3E80F}"
EndProject
Project("{FAE04EC0-301F-11D3-BF4B-00C04F79EFBC}") = "Tyuiu.MedyanichevDI.Sprint2.Task6.V15", "Tyuiu.MedyanichevDI.Sprint2.Task6.V15\Tyuiu.MedyanichevDI.Sprint2.Task6.V15.csproj", "{29CF8AD2-E594-44F7-B9B7-FCE9E88E96B7}"
EndProject
Project("{FAE04EC0-301F-11D3-BF4B-00C04F79EFBC}") = "Tyuiu.MedyanichevDI.Sprint2.Task6.V15.Lib", "Tyuiu.MedyanichevDI.Sprint2.Task6.V15.Lib\Tyuiu.MedyanichevDI.Sprint2.Task6.V15.Lib.csproj", "{F81F9FAD-69A6-4D89-BBBD-E3CC023630B8}"
EndProject
Project("{FAE04EC0-301F-11D3-BF4B-00C04F79EFBC}") = "Tyuiu.MedyanichevDI.Sprint2.Task6.V15.Test", "Tyuiu.MedyanichevDI.Sprint2.Task6.V15.Test\Tyuiu.MedyanichevDI.Sprint2.Task6.V15.Test.csproj", "{60066211-CB7F-49FB-8741-BFB9D6BC4F9C}"
EndProject
Project("{2150E333-8FDC-42A3-9474-1A3956D46DE8}") = "Task7", "Task7", "{7997B804-5DCC-434D-AD99-981CEE03543D}"
EndProject
Project("{FAE04EC0-301F-11D3-BF4B-00C04F79EFBC}") = "Tyuiu.MedyanichevDI.Sprint2.Task7.V2", "Tyuiu.MedyanichevDI.Sprint2.Task7.V2\Tyuiu.MedyanichevDI.Sprint2.Task7.V2.csproj", "{B61F818C-C461-43A9-8C04-6D61A454BA54}"
EndProject
Project("{FAE04EC0-301F-11D3-BF4B-00C04F79EFBC}") = "Tyuiu.MedyanichevDI.Sprint2.Task7.V2.Lib", "Tyuiu.MedyanichevDI.Sprint2.Task7.V2.Lib\Tyuiu.MedyanichevDI.Sprint2.Task7.V2.Lib.csproj", "{692983C1-78BA-4F39-B51A-A489D679642B}"
EndProject
Project("{FAE04EC0-301F-11D3-BF4B-00C04F79EFBC}") = "Tyuiu.MedyanichevDI.Sprint2.Task7.V2.Test", "Tyuiu.MedyanichevDI.Sprint2.Task7.V2.Test\Tyuiu.MedyanichevDI.Sprint2.Task7.V2.Test.csproj", "{368D5488-C3C5-45CB-91CD-97862D484AAE}"
EndProject
Global
	GlobalSection(SolutionConfigurationPlatforms) = preSolution
		Debug|Any CPU = Debug|Any CPU
		Release|Any CPU = Release|Any CPU
	EndGlobalSection
	GlobalSection(ProjectConfigurationPlatforms) = postSolution
		{58C7BC26-DA1A-4CC3-B5F9-B07D61A9DF26}.Debug|Any CPU.ActiveCfg = Debug|Any CPU
		{58C7BC26-DA1A-4CC3-B5F9-B07D61A9DF26}.Debug|Any CPU.Build.0 = Debug|Any CPU
		{58C7BC26-DA1A-4CC3-B5F9-B07D61A9DF26}.Release|Any CPU.ActiveCfg = Release|Any CPU
		{58C7BC26-DA1A-4CC3-B5F9-B07D61A9DF26}.Release|Any CPU.Build.0 = Release|Any CPU
		{9682FFD5-6469-4995-8070-A1742D2F35E0}.Debug|Any CPU.ActiveCfg = Debug|Any CPU
		{9682FFD5-6469-4995-8070-A1742D2F35E0}.Debug|Any CPU.Build.0 = Debug|Any CPU
		{9682FFD5-6469-4995-8070-A1742D2F35E0}.Release|Any CPU.ActiveCfg = Release|Any CPU
		{9682FFD5-6469-4995-8070-A1742D2F35E0}.Release|Any CPU.Build.0 = Release|Any CPU
		{B02ECA28-FA1D-48DB-866B-4A5F8B0F601B}.Debug|Any CPU.ActiveCfg = Debug|Any CPU
		{B02ECA28-FA1D-48DB-866B-4A5F8B0F601B}.Debug|Any CPU.Build.0 = Debug|Any CPU
		{B02ECA28-FA1D-48DB-866B-4A5F8B0F601B}.Release|Any CPU.ActiveCfg = Release|Any CPU
		{B02ECA28-FA1D-48DB-866B-4A5F8B0F601B}.Release|Any CPU.Build.0 = Release|Any CPU
		{87DAF5BC-526C-4501-9C61-CE89B6356766}.Debug|Any CPU.ActiveCfg = Debug|Any CPU
		{87DAF5BC-526C-4501-9C61-CE89B6356766}.Debug|Any CPU.Build.0 = Debug|Any CPU
		{87DAF5BC-526C-4501-9C61-CE89B6356766}.Release|Any CPU.ActiveCfg = Release|Any CPU
		{87DAF5BC-526C-4501-9C61-CE89B6356766}.Release|Any CPU.Build.0 = Release|Any CPU
		{06BEBC89-5DCE-4C1B-8CA3-4A0675914360}.Debug|Any CPU.ActiveCfg = Debug|Any CPU
		{06BEBC89-5DCE-4C1B-8CA3-4A0675914360}.Debug|Any CPU.Build.0 = Debug|Any CPU
		{06BEBC89-5DCE-4C1B-8CA3-4A0675914360}.Release|Any CPU.ActiveCfg = Release|Any CPU
		{06BEBC89-5DCE-4C1B-8CA3-4A0675914360}.Release|Any CPU.Build.0 = Release|Any CPU
		{98A8440D-62E9-499A-AD12-ADB8AE44C6E1}.Debug|Any CPU.ActiveCfg = Debug|Any CPU
		{98A8440D-62E9-499A-AD12-ADB8AE44C6E1}.Debug|Any CPU.Build.0 = Debug|Any CPU
		{98A8440D-62E9-499A-AD12-ADB8AE44C6E1}.Release|Any CPU.ActiveCfg = Release|Any CPU
		{98A8440D-62E9-499A-AD12-ADB8AE44C6E1}.Release|Any CPU.Build.0 = Release|Any CPU
		{FC9F5FC1-B286-4A59-BC37-AAA2E2E6B735}.Debug|Any CPU.ActiveCfg = Debug|Any CPU
		{FC9F5FC1-B286-4A59-BC37-AAA2E2E6B735}.Debug|Any CPU.Build.0 = Debug|Any CPU
		{FC9F5FC1-B286-4A59-BC37-AAA2E2E6B735}.Release|Any CPU.ActiveCfg = Release|Any CPU
		{FC9F5FC1-B286-4A59-BC37-AAA2E2E6B735}.Release|Any CPU.Build.0 = Release|Any CPU
		{916ACC32-3443-4CB9-9302-9AFFA1D6C913}.Debug|Any CPU.ActiveCfg = Debug|Any CPU
		{916ACC32-3443-4CB9-9302-9AFFA1D6C913}.Debug|Any CPU.Build.0 = Debug|Any CPU
		{916ACC32-3443-4CB9-9302-9AFFA1D6C913}.Release|Any CPU.ActiveCfg = Release|Any CPU
		{916ACC32-3443-4CB9-9302-9AFFA1D6C913}.Release|Any CPU.Build.0 = Release|Any CPU
		{36DABFC5-F942-415B-91B0-E24D33F9BB50}.Debug|Any CPU.ActiveCfg = Debug|Any CPU
		{36DABFC5-F942-415B-91B0-E24D33F9BB50}.Debug|Any CPU.Build.0 = Debug|Any CPU
		{36DABFC5-F942-415B-91B0-E24D33F9BB50}.Release|Any CPU.ActiveCfg = Release|Any CPU
		{36DABFC5-F942-415B-91B0-E24D33F9BB50}.Release|Any CPU.Build.0 = Release|Any CPU
		{9AE27C8B-2991-4FD5-BD63-9D5468A7654D}.Debug|Any CPU.ActiveCfg = Debug|Any CPU
		{9AE27C8B-2991-4FD5-BD63-9D5468A7654D}.Debug|Any CPU.Build.0 = Debug|Any CPU
		{9AE27C8B-2991-4FD5-BD63-9D5468A7654D}.Release|Any CPU.ActiveCfg = Release|Any CPU
		{9AE27C8B-2991-4FD5-BD63-9D5468A7654D}.Release|Any CPU.Build.0 = Release|Any CPU
		{1CEAEFFD-FBDE-4697-935E-C49B5D156D01}.Debug|Any CPU.ActiveCfg = Debug|Any CPU
		{1CEAEFFD-FBDE-4697-935E-C49B5D156D01}.Debug|Any CPU.Build.0 = Debug|Any CPU
		{1CEAEFFD-FBDE-4697-935E-C49B5D156D01}.Release|Any CPU.ActiveCfg = Release|Any CPU
		{1CEAEFFD-FBDE-4697-935E-C49B5D156D01}.Release|Any CPU.Build.0 = Release|Any CPU
		{4BA5CB64-155B-4C1A-9AB5-F91E9DB55A9C}.Debug|Any CPU.ActiveCfg = Debug|Any CPU
		{4BA5CB64-155B-4C1A-9AB5-F91E9DB55A9C}.Debug|Any CPU.Build.0 = Debug|Any CPU
		{4BA5CB64-155B-4C1A-9AB5-F91E9DB55A9C}.Release|Any CPU.ActiveCfg = Release|Any CPU
		{4BA5CB64-155B-4C1A-9AB5-F91E9DB55A9C}.Release|Any CPU.Build.0 = Release|Any CPU
		{D7F51891-E7B9-42B0-AE27-4125E095D15D}.Debug|Any CPU.ActiveCfg = Debug|Any CPU
		{D7F51891-E7B9-42B0-AE27-4125E095D15D}.Debug|Any CPU.Build.0 = Debug|Any CPU
		{D7F51891-E7B9-42B0-AE27-4125E095D15D}.Release|Any CPU.ActiveCfg = Release|Any CPU
		{D7F51891-E7B9-42B0-AE27-4125E095D15D}.Release|Any CPU.Build.0 = Release|Any CPU
		{A6775111-1471-4421-8A71-2F4DEF83AB20}.Debug|Any CPU.ActiveCfg = Debug|Any CPU
		{A6775111-1471-4421-8A71-2F4DEF83AB20}.Debug|Any CPU.Build.0 = Debug|Any CPU
		{A6775111-1471-4421-8A71-2F4DEF83AB20}.Release|Any CPU.ActiveCfg = Release|Any CPU
		{A6775111-1471-4421-8A71-2F4DEF83AB20}.Release|Any CPU.Build.0 = Release|Any CPU
		{EC259652-F231-4A06-9A8A-C7F24C97B49E}.Debug|Any CPU.ActiveCfg = Debug|Any CPU
		{EC259652-F231-4A06-9A8A-C7F24C97B49E}.Debug|Any CPU.Build.0 = Debug|Any CPU
		{EC259652-F231-4A06-9A8A-C7F24C97B49E}.Release|Any CPU.ActiveCfg = Release|Any CPU
		{EC259652-F231-4A06-9A8A-C7F24C97B49E}.Release|Any CPU.Build.0 = Release|Any CPU
		{278E907E-5FAF-4202-81AF-70D4B2C3AEDD}.Debug|Any CPU.ActiveCfg = Debug|Any CPU
		{278E907E-5FAF-4202-81AF-70D4B2C3AEDD}.Debug|Any CPU.Build.0 = Debug|Any CPU
		{278E907E-5FAF-4202-81AF-70D4B2C3AEDD}.Release|Any CPU.ActiveCfg = Release|Any CPU
		{278E907E-5FAF-4202-81AF-70D4B2C3AEDD}.Release|Any CPU.Build.0 = Release|Any CPU
		{B0FE658B-F0A9-4E10-A9BC-353E60274F46}.Debug|Any CPU.ActiveCfg = Debug|Any CPU
		{B0FE658B-F0A9-4E10-A9BC-353E60274F46}.Debug|Any CPU.Build.0 = Debug|Any CPU
		{B0FE658B-F0A9-4E10-A9BC-353E60274F46}.Release|Any CPU.ActiveCfg = Release|Any CPU
		{B0FE658B-F0A9-4E10-A9BC-353E60274F46}.Release|Any CPU.Build.0 = Release|Any CPU
		{DE3957B2-948C-4FD9-AF95-06124A37BAC6}.Debug|Any CPU.ActiveCfg = Debug|Any CPU
		{DE3957B2-948C-4FD9-AF95-06124A37BAC6}.Debug|Any CPU.Build.0 = Debug|Any CPU
		{DE3957B2-948C-4FD9-AF95-06124A37BAC6}.Release|Any CPU.ActiveCfg = Release|Any CPU
		{DE3957B2-948C-4FD9-AF95-06124A37BAC6}.Release|Any CPU.Build.0 = Release|Any CPU
		{29CF8AD2-E594-44F7-B9B7-FCE9E88E96B7}.Debug|Any CPU.ActiveCfg = Debug|Any CPU
		{29CF8AD2-E594-44F7-B9B7-FCE9E88E96B7}.Debug|Any CPU.Build.0 = Debug|Any CPU
		{29CF8AD2-E594-44F7-B9B7-FCE9E88E96B7}.Release|Any CPU.ActiveCfg = Release|Any CPU
		{29CF8AD2-E594-44F7-B9B7-FCE9E88E96B7}.Release|Any CPU.Build.0 = Release|Any CPU
		{F81F9FAD-69A6-4D89-BBBD-E3CC023630B8}.Debug|Any CPU.ActiveCfg = Debug|Any CPU
		{F81F9FAD-69A6-4D89-BBBD-E3CC023630B8}.Debug|Any CPU.Build.0 = Debug|Any CPU
		{F81F9FAD-69A6-4D89-BBBD-E3CC023630B8}.Release|Any CPU.ActiveCfg = Release|Any CPU
		{F81F9FAD-69A6-4D89-BBBD-E3CC023630B8}.Release|Any CPU.Build.0 = Release|Any CPU
		{60066211-CB7F-49FB-8741-BFB9D6BC4F9C}.Debug|Any CPU.ActiveCfg = Debug|Any CPU
		{60066211-CB7F-49FB-8741-BFB9D6BC4F9C}.Debug|Any CPU.Build.0 = Debug|Any CPU
		{60066211-CB7F-49FB-8741-BFB9D6BC4F9C}.Release|Any CPU.ActiveCfg = Release|Any CPU
		{60066211-CB7F-49FB-8741-BFB9D6BC4F9C}.Release|Any CPU.Build.0 = Release|Any CPU
		{B61F818C-C461-43A9-8C04-6D61A454BA54}.Debug|Any CPU.ActiveCfg = Debug|Any CPU
		{B61F818C-C461-43A9-8C04-6D61A454BA54}.Debug|Any CPU.Build.0 = Debug|Any CPU
		{B61F818C-C461-43A9-8C04-6D61A454BA54}.Release|Any CPU.ActiveCfg = Release|Any CPU
		{B61F818C-C461-43A9-8C04-6D61A454BA54}.Release|Any CPU.Build.0 = Release|Any CPU
		{692983C1-78BA-4F39-B51A-A489D679642B}.Debug|Any CPU.ActiveCfg = Debug|Any CPU
		{692983C1-78BA-4F39-B51A-A489D679642B}.Debug|Any CPU.Build.0 = Debug|Any CPU
		{692983C1-78BA-4F39-B51A-A489D679642B}.Release|Any CPU.ActiveCfg = Release|Any CPU
		{692983C1-78BA-4F39-B51A-A489D679642B}.Release|Any CPU.Build.0 = Release|Any CPU
		{368D5488-C3C5-45CB-91CD-97862D484AAE}.Debug|Any CPU.ActiveCfg = Debug|Any CPU
		{368D5488-C3C5-45CB-91CD-97862D484AAE}.Debug|Any CPU.Build.0 = Debug|Any CPU
		{368D5488-C3C5-45CB-91CD-97862D484AAE}.Release|Any CPU.ActiveCfg = Release|Any CPU
		{368D5488-C3C5-45CB-91CD-97862D484AAE}.Release|Any CPU.Build.0 = Release|Any CPU
	EndGlobalSection
	GlobalSection(SolutionProperties) = preSolution
		HideSolutionNode = FALSE
	EndGlobalSection
	GlobalSection(NestedProjects) = preSolution
		{58C7BC26-DA1A-4CC3-B5F9-B07D61A9DF26} = {51EDBF6A-57D2-4A93-894C-18F30B3ECDCC}
		{9682FFD5-6469-4995-8070-A1742D2F35E0} = {51EDBF6A-57D2-4A93-894C-18F30B3ECDCC}
		{B02ECA28-FA1D-48DB-866B-4A5F8B0F601B} = {51EDBF6A-57D2-4A93-894C-18F30B3ECDCC}
		{87DAF5BC-526C-4501-9C61-CE89B6356766} = {D7D8E783-C7FB-40AB-9ABC-95F6A25AE14C}
		{06BEBC89-5DCE-4C1B-8CA3-4A0675914360} = {D7D8E783-C7FB-40AB-9ABC-95F6A25AE14C}
		{98A8440D-62E9-499A-AD12-ADB8AE44C6E1} = {D7D8E783-C7FB-40AB-9ABC-95F6A25AE14C}
		{FC9F5FC1-B286-4A59-BC37-AAA2E2E6B735} = {D880D510-7A03-4A0E-947A-4AEE489186AF}
		{916ACC32-3443-4CB9-9302-9AFFA1D6C913} = {D880D510-7A03-4A0E-947A-4AEE489186AF}
		{36DABFC5-F942-415B-91B0-E24D33F9BB50} = {D880D510-7A03-4A0E-947A-4AEE489186AF}
		{9AE27C8B-2991-4FD5-BD63-9D5468A7654D} = {15581C4F-EEFF-47AD-BAD3-B51A9BD0C825}
		{1CEAEFFD-FBDE-4697-935E-C49B5D156D01} = {15581C4F-EEFF-47AD-BAD3-B51A9BD0C825}
		{4BA5CB64-155B-4C1A-9AB5-F91E9DB55A9C} = {15581C4F-EEFF-47AD-BAD3-B51A9BD0C825}
		{D7F51891-E7B9-42B0-AE27-4125E095D15D} = {7F133B18-AC3F-4AD1-86B7-81A2A21F173E}
		{A6775111-1471-4421-8A71-2F4DEF83AB20} = {7F133B18-AC3F-4AD1-86B7-81A2A21F173E}
		{EC259652-F231-4A06-9A8A-C7F24C97B49E} = {7F133B18-AC3F-4AD1-86B7-81A2A21F173E}
		{278E907E-5FAF-4202-81AF-70D4B2C3AEDD} = {87228557-BDFB-452B-BB7E-BF474D24CF84}
		{B0FE658B-F0A9-4E10-A9BC-353E60274F46} = {87228557-BDFB-452B-BB7E-BF474D24CF84}
		{DE3957B2-948C-4FD9-AF95-06124A37BAC6} = {87228557-BDFB-452B-BB7E-BF474D24CF84}
		{29CF8AD2-E594-44F7-B9B7-FCE9E88E96B7} = {59A6601F-C967-4B0A-9398-92A7EDB3E80F}
		{F81F9FAD-69A6-4D89-BBBD-E3CC023630B8} = {59A6601F-C967-4B0A-9398-92A7EDB3E80F}
		{60066211-CB7F-49FB-8741-BFB9D6BC4F9C} = {59A6601F-C967-4B0A-9398-92A7EDB3E80F}
		{B61F818C-C461-43A9-8C04-6D61A454BA54} = {7997B804-5DCC-434D-AD99-981CEE03543D}
		{692983C1-78BA-4F39-B51A-A489D679642B} = {7997B804-5DCC-434D-AD99-981CEE03543D}
		{368D5488-C3C5-45CB-91CD-97862D484AAE} = {7997B804-5DCC-434D-AD99-981CEE03543D}
	EndGlobalSection
	GlobalSection(ExtensibilityGlobals) = postSolution
		SolutionGuid = {CF583FFA-4BF1-478E-B314-E7619BCF531A}
	EndGlobalSection
EndGlobal
